// !$*UTF8*$!
{
	archiveVersion = 1;
	classes = {
	};
	objectVersion = 50;
	objects = {

/* Begin PBXBuildFile section */
		7E0E80A826B0888300322D36 /* AuthTestApp.swift in Sources */ = {isa = PBXBuildFile; fileRef = 7E0E80A726B0888300322D36 /* AuthTestApp.swift */; };
		7E0E80AA26B0888300322D36 /* HomeView.swift in Sources */ = {isa = PBXBuildFile; fileRef = 7E0E80A926B0888300322D36 /* HomeView.swift */; };
		7E0E80AC26B0888700322D36 /* Assets.xcassets in Resources */ = {isa = PBXBuildFile; fileRef = 7E0E80AB26B0888700322D36 /* Assets.xcassets */; };
		7E0E80AF26B0888700322D36 /* Preview Assets.xcassets in Resources */ = {isa = PBXBuildFile; fileRef = 7E0E80AE26B0888700322D36 /* Preview Assets.xcassets */; };
		7E0E80BA26B0983E00322D36 /* HomeViewModel.swift in Sources */ = {isa = PBXBuildFile; fileRef = 7E0E80B926B0983E00322D36 /* HomeViewModel.swift */; };
		7E0E80BC26B09D2F00322D36 /* LoggedInView.swift in Sources */ = {isa = PBXBuildFile; fileRef = 7E0E80BB26B09D2F00322D36 /* LoggedInView.swift */; };
		7E0E80BE26B09DB100322D36 /* LoggedInViewModel.swift in Sources */ = {isa = PBXBuildFile; fileRef = 7E0E80BD26B09DB100322D36 /* LoggedInViewModel.swift */; };
		7E0E80C026B0A81C00322D36 /* LaunchScreen.storyboard in Resources */ = {isa = PBXBuildFile; fileRef = 7E0E80BF26B0A81C00322D36 /* LaunchScreen.storyboard */; };
/* End PBXBuildFile section */

/* Begin PBXFileReference section */
		7E0E80A426B0888300322D36 /* AuthTest.app */ = {isa = PBXFileReference; explicitFileType = wrapper.application; includeInIndex = 0; path = AuthTest.app; sourceTree = BUILT_PRODUCTS_DIR; };
		7E0E80A726B0888300322D36 /* AuthTestApp.swift */ = {isa = PBXFileReference; lastKnownFileType = sourcecode.swift; path = AuthTestApp.swift; sourceTree = "<group>"; };
		7E0E80A926B0888300322D36 /* HomeView.swift */ = {isa = PBXFileReference; lastKnownFileType = sourcecode.swift; path = HomeView.swift; sourceTree = "<group>"; };
		7E0E80AB26B0888700322D36 /* Assets.xcassets */ = {isa = PBXFileReference; lastKnownFileType = folder.assetcatalog; path = Assets.xcassets; sourceTree = "<group>"; };
		7E0E80AE26B0888700322D36 /* Preview Assets.xcassets */ = {isa = PBXFileReference; lastKnownFileType = folder.assetcatalog; path = "Preview Assets.xcassets"; sourceTree = "<group>"; };
		7E0E80B026B0888700322D36 /* Info.plist */ = {isa = PBXFileReference; lastKnownFileType = text.plist.xml; path = Info.plist; sourceTree = "<group>"; };
		7E0E80B926B0983E00322D36 /* HomeViewModel.swift */ = {isa = PBXFileReference; lastKnownFileType = sourcecode.swift; path = HomeViewModel.swift; sourceTree = "<group>"; };
		7E0E80BB26B09D2F00322D36 /* LoggedInView.swift */ = {isa = PBXFileReference; lastKnownFileType = sourcecode.swift; path = LoggedInView.swift; sourceTree = "<group>"; };
		7E0E80BD26B09DB100322D36 /* LoggedInViewModel.swift */ = {isa = PBXFileReference; lastKnownFileType = sourcecode.swift; path = LoggedInViewModel.swift; sourceTree = "<group>"; };
		7E0E80BF26B0A81C00322D36 /* LaunchScreen.storyboard */ = {isa = PBXFileReference; lastKnownFileType = file.storyboard; path = LaunchScreen.storyboard; sourceTree = "<group>"; };
/* End PBXFileReference section */

/* Begin PBXFrameworksBuildPhase section */
		7E0E80A126B0888300322D36 /* Frameworks */ = {
			isa = PBXFrameworksBuildPhase;
			buildActionMask = 2147483647;
			files = (
			);
			runOnlyForDeploymentPostprocessing = 0;
		};
/* End PBXFrameworksBuildPhase section */

/* Begin PBXGroup section */
		7E0E809B26B0888300322D36 = {
			isa = PBXGroup;
			children = (
				7E0E80A626B0888300322D36 /* AuthTest */,
				7E0E80A526B0888300322D36 /* Products */,
			);
			sourceTree = "<group>";
		};
		7E0E80A526B0888300322D36 /* Products */ = {
			isa = PBXGroup;
			children = (
				7E0E80A426B0888300322D36 /* AuthTest.app */,
			);
			name = Products;
			sourceTree = "<group>";
		};
		7E0E80A626B0888300322D36 /* AuthTest */ = {
			isa = PBXGroup;
			children = (
				7E0E80B726B088F000322D36 /* LaunchScreen */,
				7E0E80B826B0923E00322D36 /* ViewModels */,
				7E0E80B626B088BE00322D36 /* Views */,
				7E0E80A726B0888300322D36 /* AuthTestApp.swift */,
				7E0E80AB26B0888700322D36 /* Assets.xcassets */,
				7E0E80B026B0888700322D36 /* Info.plist */,
				7E0E80AD26B0888700322D36 /* Preview Content */,
			);
			path = AuthTest;
			sourceTree = "<group>";
		};
		7E0E80AD26B0888700322D36 /* Preview Content */ = {
			isa = PBXGroup;
			children = (
				7E0E80AE26B0888700322D36 /* Preview Assets.xcassets */,
			);
			path = "Preview Content";
			sourceTree = "<group>";
		};
		7E0E80B626B088BE00322D36 /* Views */ = {
			isa = PBXGroup;
			children = (
				7E0E80A926B0888300322D36 /* HomeView.swift */,
				7E0E80BB26B09D2F00322D36 /* LoggedInView.swift */,
			);
			path = Views;
			sourceTree = "<group>";
		};
		7E0E80B726B088F000322D36 /* LaunchScreen */ = {
			isa = PBXGroup;
			children = (
				7E0E80BF26B0A81C00322D36 /* LaunchScreen.storyboard */,
			);
			path = LaunchScreen;
			sourceTree = "<group>";
		};
		7E0E80B826B0923E00322D36 /* ViewModels */ = {
			isa = PBXGroup;
			children = (
				7E0E80B926B0983E00322D36 /* HomeViewModel.swift */,
				7E0E80BD26B09DB100322D36 /* LoggedInViewModel.swift */,
			);
			path = ViewModels;
			sourceTree = "<group>";
		};
/* End PBXGroup section */

/* Begin PBXNativeTarget section */
		7E0E80A326B0888300322D36 /* AuthTest */ = {
			isa = PBXNativeTarget;
			buildConfigurationList = 7E0E80B326B0888700322D36 /* Build configuration list for PBXNativeTarget "AuthTest" */;
			buildPhases = (
				7E0E80A026B0888300322D36 /* Sources */,
				7E0E80A126B0888300322D36 /* Frameworks */,
				7E0E80A226B0888300322D36 /* Resources */,
			);
			buildRules = (
			);
			dependencies = (
			);
			name = AuthTest;
			productName = AuthTest;
			productReference = 7E0E80A426B0888300322D36 /* AuthTest.app */;
			productType = "com.apple.product-type.application";
		};
/* End PBXNativeTarget section */

/* Begin PBXProject section */
		7E0E809C26B0888300322D36 /* Project object */ = {
			isa = PBXProject;
			attributes = {
				LastSwiftUpdateCheck = 1250;
				LastUpgradeCheck = 1250;
				TargetAttributes = {
					7E0E80A326B0888300322D36 = {
						CreatedOnToolsVersion = 12.5;
					};
				};
			};
			buildConfigurationList = 7E0E809F26B0888300322D36 /* Build configuration list for PBXProject "AuthTest" */;
			compatibilityVersion = "Xcode 9.3";
			developmentRegion = en;
			hasScannedForEncodings = 0;
			knownRegions = (
				en,
				Base,
			);
			mainGroup = 7E0E809B26B0888300322D36;
			productRefGroup = 7E0E80A526B0888300322D36 /* Products */;
			projectDirPath = "";
			projectRoot = "";
			targets = (
				7E0E80A326B0888300322D36 /* AuthTest */,
			);
		};
/* End PBXProject section */

/* Begin PBXResourcesBuildPhase section */
		7E0E80A226B0888300322D36 /* Resources */ = {
			isa = PBXResourcesBuildPhase;
			buildActionMask = 2147483647;
			files = (
				7E0E80C026B0A81C00322D36 /* LaunchScreen.storyboard in Resources */,
				7E0E80AF26B0888700322D36 /* Preview Assets.xcassets in Resources */,
				7E0E80AC26B0888700322D36 /* Assets.xcassets in Resources */,
			);
			runOnlyForDeploymentPostprocessing = 0;
		};
/* End PBXResourcesBuildPhase section */

/* Begin PBXSourcesBuildPhase section */
		7E0E80A026B0888300322D36 /* Sources */ = {
			isa = PBXSourcesBuildPhase;
			buildActionMask = 2147483647;
			files = (
				7E0E80AA26B0888300322D36 /* HomeView.swift in Sources */,
				7E0E80BC26B09D2F00322D36 /* LoggedInView.swift in Sources */,
				7E0E80BA26B0983E00322D36 /* HomeViewModel.swift in Sources */,
				7E0E80BE26B09DB100322D36 /* LoggedInViewModel.swift in Sources */,
				7E0E80A826B0888300322D36 /* AuthTestApp.swift in Sources */,
			);
			runOnlyForDeploymentPostprocessing = 0;
		};
/* End PBXSourcesBuildPhase section */

/* Begin XCBuildConfiguration section */
		7E0E80B126B0888700322D36 /* Debug */ = {
			isa = XCBuildConfiguration;
			buildSettings = {
				ALWAYS_SEARCH_USER_PATHS = NO;
				CLANG_ANALYZER_NONNULL = YES;
				CLANG_ANALYZER_NUMBER_OBJECT_CONVERSION = YES_AGGRESSIVE;
				CLANG_CXX_LANGUAGE_STANDARD = "gnu++14";
				CLANG_CXX_LIBRARY = "libc++";
				CLANG_ENABLE_MODULES = YES;
				CLANG_ENABLE_OBJC_ARC = YES;
				CLANG_ENABLE_OBJC_WEAK = YES;
				CLANG_WARN_BLOCK_CAPTURE_AUTORELEASING = YES;
				CLANG_WARN_BOOL_CONVERSION = YES;
				CLANG_WARN_COMMA = YES;
				CLANG_WARN_CONSTANT_CONVERSION = YES;
				CLANG_WARN_DEPRECATED_OBJC_IMPLEMENTATIONS = YES;
				CLANG_WARN_DIRECT_OBJC_ISA_USAGE = YES_ERROR;
				CLANG_WARN_DOCUMENTATION_COMMENTS = YES;
				CLANG_WARN_EMPTY_BODY = YES;
				CLANG_WARN_ENUM_CONVERSION = YES;
				CLANG_WARN_INFINITE_RECURSION = YES;
				CLANG_WARN_INT_CONVERSION = YES;
				CLANG_WARN_NON_LITERAL_NULL_CONVERSION = YES;
				CLANG_WARN_OBJC_IMPLICIT_RETAIN_SELF = YES;
				CLANG_WARN_OBJC_LITERAL_CONVERSION = YES;
				CLANG_WARN_OBJC_ROOT_CLASS = YES_ERROR;
				CLANG_WARN_QUOTED_INCLUDE_IN_FRAMEWORK_HEADER = YES;
				CLANG_WARN_RANGE_LOOP_ANALYSIS = YES;
				CLANG_WARN_STRICT_PROTOTYPES = YES;
				CLANG_WARN_SUSPICIOUS_MOVE = YES;
				CLANG_WARN_UNGUARDED_AVAILABILITY = YES_AGGRESSIVE;
				CLANG_WARN_UNREACHABLE_CODE = YES;
				CLANG_WARN__DUPLICATE_METHOD_MATCH = YES;
				COPY_PHASE_STRIP = NO;
				DEBUG_INFORMATION_FORMAT = dwarf;
				ENABLE_STRICT_OBJC_MSGSEND = YES;
				ENABLE_TESTABILITY = YES;
				GCC_C_LANGUAGE_STANDARD = gnu11;
				GCC_DYNAMIC_NO_PIC = NO;
				GCC_NO_COMMON_BLOCKS = YES;
				GCC_OPTIMIZATION_LEVEL = 0;
				GCC_PREPROCESSOR_DEFINITIONS = (
					"DEBUG=1",
					"$(inherited)",
				);
				GCC_WARN_64_TO_32_BIT_CONVERSION = YES;
				GCC_WARN_ABOUT_RETURN_TYPE = YES_ERROR;
				GCC_WARN_UNDECLARED_SELECTOR = YES;
				GCC_WARN_UNINITIALIZED_AUTOS = YES_AGGRESSIVE;
				GCC_WARN_UNUSED_FUNCTION = YES;
				GCC_WARN_UNUSED_VARIABLE = YES;
				IPHONEOS_DEPLOYMENT_TARGET = 14.5;
				MTL_ENABLE_DEBUG_INFO = INCLUDE_SOURCE;
				MTL_FAST_MATH = YES;
				ONLY_ACTIVE_ARCH = YES;
				SDKROOT = iphoneos;
				SWIFT_ACTIVE_COMPILATION_CONDITIONS = DEBUG;
				SWIFT_OPTIMIZATION_LEVEL = "-Onone";
			};
			name = Debug;
		};
		7E0E80B226B0888700322D36 /* Release */ = {
			isa = XCBuildConfiguration;
			buildSettings = {
				ALWAYS_SEARCH_USER_PATHS = NO;
				CLANG_ANALYZER_NONNULL = YES;
				CLANG_ANALYZER_NUMBER_OBJECT_CONVERSION = YES_AGGRESSIVE;
				CLANG_CXX_LANGUAGE_STANDARD = "gnu++14";
				CLANG_CXX_LIBRARY = "libc++";
				CLANG_ENABLE_MODULES = YES;
				CLANG_ENABLE_OBJC_ARC = YES;
				CLANG_ENABLE_OBJC_WEAK = YES;
				CLANG_WARN_BLOCK_CAPTURE_AUTORELEASING = YES;
				CLANG_WARN_BOOL_CONVERSION = YES;
				CLANG_WARN_COMMA = YES;
				CLANG_WARN_CONSTANT_CONVERSION = YES;
				CLANG_WARN_DEPRECATED_OBJC_IMPLEMENTATIONS = YES;
				CLANG_WARN_DIRECT_OBJC_ISA_USAGE = YES_ERROR;
				CLANG_WARN_DOCUMENTATION_COMMENTS = YES;
				CLANG_WARN_EMPTY_BODY = YES;
				CLANG_WARN_ENUM_CONVERSION = YES;
				CLANG_WARN_INFINITE_RECURSION = YES;
				CLANG_WARN_INT_CONVERSION = YES;
				CLANG_WARN_NON_LITERAL_NULL_CONVERSION = YES;
				CLANG_WARN_OBJC_IMPLICIT_RETAIN_SELF = YES;
				CLANG_WARN_OBJC_LITERAL_CONVERSION = YES;
				CLANG_WARN_OBJC_ROOT_CLASS = YES_ERROR;
				CLANG_WARN_QUOTED_INCLUDE_IN_FRAMEWORK_HEADER = YES;
				CLANG_WARN_RANGE_LOOP_ANALYSIS = YES;
				CLANG_WARN_STRICT_PROTOTYPES = YES;
				CLANG_WARN_SUSPICIOUS_MOVE = YES;
				CLANG_WARN_UNGUARDED_AVAILABILITY = YES_AGGRESSIVE;
				CLANG_WARN_UNREACHABLE_CODE = YES;
				CLANG_WARN__DUPLICATE_METHOD_MATCH = YES;
				COPY_PHASE_STRIP = NO;
				DEBUG_INFORMATION_FORMAT = "dwarf-with-dsym";
				ENABLE_NS_ASSERTIONS = NO;
				ENABLE_STRICT_OBJC_MSGSEND = YES;
				GCC_C_LANGUAGE_STANDARD = gnu11;
				GCC_NO_COMMON_BLOCKS = YES;
				GCC_WARN_64_TO_32_BIT_CONVERSION = YES;
				GCC_WARN_ABOUT_RETURN_TYPE = YES_ERROR;
				GCC_WARN_UNDECLARED_SELECTOR = YES;
				GCC_WARN_UNINITIALIZED_AUTOS = YES_AGGRESSIVE;
				GCC_WARN_UNUSED_FUNCTION = YES;
				GCC_WARN_UNUSED_VARIABLE = YES;
				IPHONEOS_DEPLOYMENT_TARGET = 14.5;
				MTL_ENABLE_DEBUG_INFO = NO;
				MTL_FAST_MATH = YES;
				SDKROOT = iphoneos;
				SWIFT_COMPILATION_MODE = wholemodule;
				SWIFT_OPTIMIZATION_LEVEL = "-O";
				VALIDATE_PRODUCT = YES;
			};
			name = Release;
		};
		7E0E80B426B0888700322D36 /* Debug */ = {
			isa = XCBuildConfiguration;
			buildSettings = {
				ASSETCATALOG_COMPILER_APPICON_NAME = AppIcon;
				ASSETCATALOG_COMPILER_GLOBAL_ACCENT_COLOR_NAME = AccentColor;
				CODE_SIGN_STYLE = Automatic;
				DEVELOPMENT_ASSET_PATHS = "\"AuthTest/Preview Content\"";
				DEVELOPMENT_TEAM = P4G4759G3P;
				ENABLE_PREVIEWS = YES;
				INFOPLIST_FILE = AuthTest/Info.plist;
				IPHONEOS_DEPLOYMENT_TARGET = 14.0;
				LD_RUNPATH_SEARCH_PATHS = (
					"$(inherited)",
					"@executable_path/Frameworks",
				);
				PRODUCT_BUNDLE_IDENTIFIER = com.YY.AuthTest;
				PRODUCT_NAME = "$(TARGET_NAME)";
				SWIFT_VERSION = 5.0;
				TARGETED_DEVICE_FAMILY = "1,2";
			};
			name = Debug;
		};
		7E0E80B526B0888700322D36 /* Release */ = {
			isa = XCBuildConfiguration;
			buildSettings = {
				ASSETCATALOG_COMPILER_APPICON_NAME = AppIcon;
				ASSETCATALOG_COMPILER_GLOBAL_ACCENT_COLOR_NAME = AccentColor;
				CODE_SIGN_STYLE = Automatic;
				DEVELOPMENT_ASSET_PATHS = "\"AuthTest/Preview Content\"";
				DEVELOPMENT_TEAM = P4G4759G3P;
				ENABLE_PREVIEWS = YES;
				INFOPLIST_FILE = AuthTest/Info.plist;
				IPHONEOS_DEPLOYMENT_TARGET = 14.0;
				LD_RUNPATH_SEARCH_PATHS = (
					"$(inherited)",
					"@executable_path/Frameworks",
				);
				PRODUCT_BUNDLE_IDENTIFIER = com.YY.AuthTest;
				PRODUCT_NAME = "$(TARGET_NAME)";
				SWIFT_VERSION = 5.0;
				TARGETED_DEVICE_FAMILY = "1,2";
			};
			name = Release;
		};
/* End XCBuildConfiguration section */

/* Begin XCConfigurationList section */
		7E0E809F26B0888300322D36 /* Build configuration list for PBXProject "AuthTest" */ = {
			isa = XCConfigurationList;
			buildConfigurations = (
				7E0E80B126B0888700322D36 /* Debug */,
				7E0E80B226B0888700322D36 /* Release */,
			);
			defaultConfigurationIsVisible = 0;
			defaultConfigurationName = Release;
		};
		7E0E80B326B0888700322D36 /* Build configuration list for PBXNativeTarget "AuthTest" */ = {
			isa = XCConfigurationList;
			buildConfigurations = (
				7E0E80B426B0888700322D36 /* Debug */,
				7E0E80B526B0888700322D36 /* Release */,
			);
			defaultConfigurationIsVisible = 0;
			defaultConfigurationName = Release;
		};
/* End XCConfigurationList section */
	};
	rootObject = 7E0E809C26B0888300322D36 /* Project object */;
}
